
Microsoft Visual Studio Solution File, Format Version 12.00
# Visual Studio 15
VisualStudioVersion = 15.0.27004.2005
MinimumVisualStudioVersion = 10.0.40219.1
Project("{FAE04EC0-301F-11D3-BF4B-00C04F79EFBC}") = "UnityStandardUtils", "UnityStandardUtils\UnityStandardUtils.csproj", "{D2645F4E-A048-4683-9CF9-8A38FE822944}"
EndProject
Project("{FAE04EC0-301F-11D3-BF4B-00C04F79EFBC}") = "UnityStandardUtilsEditor", "UnityStandardUtilsEditor\UnityStandardUtilsEditor.csproj", "{A9D6D206-1F43-498F-9B6A-51D883BBF197}"
EndProject
Project("{FAE04EC0-301F-11D3-BF4B-00C04F79EFBC}") = "LocalizationEditor", "LocalizationEditor\LocalizationEditor.csproj", "{EFBE0A1C-D43A-4A2A-ADF9-4239B8125E00}"
EndProject
Global
	GlobalSection(SolutionConfigurationPlatforms) = preSolution
		Debug|Any CPU = Debug|Any CPU
		Release|Any CPU = Release|Any CPU
	EndGlobalSection
	GlobalSection(ProjectConfigurationPlatforms) = postSolution
		{D2645F4E-A048-4683-9CF9-8A38FE822944}.Debug|Any CPU.ActiveCfg = Debug|Any CPU
		{D2645F4E-A048-4683-9CF9-8A38FE822944}.Debug|Any CPU.Build.0 = Debug|Any CPU
		{D2645F4E-A048-4683-9CF9-8A38FE822944}.Release|Any CPU.ActiveCfg = Release|Any CPU
		{D2645F4E-A048-4683-9CF9-8A38FE822944}.Release|Any CPU.Build.0 = Release|Any CPU
		{A9D6D206-1F43-498F-9B6A-51D883BBF197}.Debug|Any CPU.ActiveCfg = Debug|Any CPU
		{A9D6D206-1F43-498F-9B6A-51D883BBF197}.Debug|Any CPU.Build.0 = Debug|Any CPU
		{A9D6D206-1F43-498F-9B6A-51D883BBF197}.Release|Any CPU.ActiveCfg = Release|Any CPU
		{A9D6D206-1F43-498F-9B6A-51D883BBF197}.Release|Any CPU.Build.0 = Release|Any CPU
		{EFBE0A1C-D43A-4A2A-ADF9-4239B8125E00}.Debug|Any CPU.ActiveCfg = Debug|Any CPU
		{EFBE0A1C-D43A-4A2A-ADF9-4239B8125E00}.Debug|Any CPU.Build.0 = Debug|Any CPU
		{EFBE0A1C-D43A-4A2A-ADF9-4239B8125E00}.Release|Any CPU.ActiveCfg = Release|Any CPU
		{EFBE0A1C-D43A-4A2A-ADF9-4239B8125E00}.Release|Any CPU.Build.0 = Release|Any CPU
	EndGlobalSection
	GlobalSection(SolutionProperties) = preSolution
		HideSolutionNode = FALSE
	EndGlobalSection
	GlobalSection(ExtensibilityGlobals) = postSolution
		SolutionGuid = {AC22F347-F854-4175-8FB4-A710B78BFCE5}
	EndGlobalSection
EndGlobal
