
Microsoft Visual Studio Solution File, Format Version 12.00
# Visual Studio 15
VisualStudioVersion = 15.0.27004.2005
MinimumVisualStudioVersion = 10.0.40219.1
Project("{FAE04EC0-301F-11D3-BF4B-00C04F79EFBC}") = "UnityStandardUtils", "UnityStandardUtils.csproj", "{F096A8E5-BDCF-4717-9C0A-DB3108F1AC98}"
EndProject
Project("{FAE04EC0-301F-11D3-BF4B-00C04F79EFBC}") = "Test", "Test\Test.csproj", "{97AD13E2-A7EA-4CA8-BE67-5CC0FAD38204}"
	ProjectSection(ProjectDependencies) = postProject
		{F096A8E5-BDCF-4717-9C0A-DB3108F1AC98} = {F096A8E5-BDCF-4717-9C0A-DB3108F1AC98}
	EndProjectSection
EndProject
Global
	GlobalSection(SolutionConfigurationPlatforms) = preSolution
		Debug|Any CPU = Debug|Any CPU
		Debug|x64 = Debug|x64
		Debug|x86 = Debug|x86
		Release|Any CPU = Release|Any CPU
		Release|x64 = Release|x64
		Release|x86 = Release|x86
	EndGlobalSection
	GlobalSection(ProjectConfigurationPlatforms) = postSolution
		{F096A8E5-BDCF-4717-9C0A-DB3108F1AC98}.Debug|Any CPU.ActiveCfg = Debug|Any CPU
		{F096A8E5-BDCF-4717-9C0A-DB3108F1AC98}.Debug|Any CPU.Build.0 = Debug|Any CPU
		{F096A8E5-BDCF-4717-9C0A-DB3108F1AC98}.Debug|x64.ActiveCfg = Debug|Any CPU
		{F096A8E5-BDCF-4717-9C0A-DB3108F1AC98}.Debug|x64.Build.0 = Debug|Any CPU
		{F096A8E5-BDCF-4717-9C0A-DB3108F1AC98}.Debug|x86.ActiveCfg = Debug|Any CPU
		{F096A8E5-BDCF-4717-9C0A-DB3108F1AC98}.Debug|x86.Build.0 = Debug|Any CPU
		{F096A8E5-BDCF-4717-9C0A-DB3108F1AC98}.Release|Any CPU.ActiveCfg = Release|Any CPU
		{F096A8E5-BDCF-4717-9C0A-DB3108F1AC98}.Release|Any CPU.Build.0 = Release|Any CPU
		{F096A8E5-BDCF-4717-9C0A-DB3108F1AC98}.Release|x64.ActiveCfg = Release|Any CPU
		{F096A8E5-BDCF-4717-9C0A-DB3108F1AC98}.Release|x64.Build.0 = Release|Any CPU
		{F096A8E5-BDCF-4717-9C0A-DB3108F1AC98}.Release|x86.ActiveCfg = Release|Any CPU
		{F096A8E5-BDCF-4717-9C0A-DB3108F1AC98}.Release|x86.Build.0 = Release|Any CPU
		{97AD13E2-A7EA-4CA8-BE67-5CC0FAD38204}.Debug|Any CPU.ActiveCfg = Debug|Any CPU
		{97AD13E2-A7EA-4CA8-BE67-5CC0FAD38204}.Debug|Any CPU.Build.0 = Debug|Any CPU
		{97AD13E2-A7EA-4CA8-BE67-5CC0FAD38204}.Debug|x64.ActiveCfg = Debug|Any CPU
		{97AD13E2-A7EA-4CA8-BE67-5CC0FAD38204}.Debug|x64.Build.0 = Debug|Any CPU
		{97AD13E2-A7EA-4CA8-BE67-5CC0FAD38204}.Debug|x86.ActiveCfg = Debug|Any CPU
		{97AD13E2-A7EA-4CA8-BE67-5CC0FAD38204}.Debug|x86.Build.0 = Debug|Any CPU
		{97AD13E2-A7EA-4CA8-BE67-5CC0FAD38204}.Release|Any CPU.ActiveCfg = Release|Any CPU
		{97AD13E2-A7EA-4CA8-BE67-5CC0FAD38204}.Release|Any CPU.Build.0 = Release|Any CPU
		{97AD13E2-A7EA-4CA8-BE67-5CC0FAD38204}.Release|x64.ActiveCfg = Release|Any CPU
		{97AD13E2-A7EA-4CA8-BE67-5CC0FAD38204}.Release|x64.Build.0 = Release|Any CPU
		{97AD13E2-A7EA-4CA8-BE67-5CC0FAD38204}.Release|x86.ActiveCfg = Release|Any CPU
		{97AD13E2-A7EA-4CA8-BE67-5CC0FAD38204}.Release|x86.Build.0 = Release|Any CPU
	EndGlobalSection
	GlobalSection(SolutionProperties) = preSolution
		HideSolutionNode = FALSE
	EndGlobalSection
	GlobalSection(ExtensibilityGlobals) = postSolution
		SolutionGuid = {76A0A0E8-E604-4E37-9E2F-4AF959BF362F}
	EndGlobalSection
EndGlobal
